
Microsoft Visual Studio Solution File, Format Version 12.00
# Visual Studio Version 16
VisualStudioVersion = 16.0.34301.259
MinimumVisualStudioVersion = 10.0.40219.1
Project("{2150E333-8FDC-42A3-9474-1A3956D46DE8}") = "Task0", "Task0", "{FEC19C42-9CFE-4BB0-BAAA-6E7F5F6B1B12}"
EndProject
Project("{FAE04EC0-301F-11D3-BF4B-00C04F79EFBC}") = "Tyuiu.KalimullinaAH.Sprint6.Task0.V3.Lib", "Tyuiu.KalimullinaAH.Sprint6.Task0.V3.Lib\Tyuiu.KalimullinaAH.Sprint6.Task0.V3.Lib.csproj", "{214D37CD-A6C3-4D0B-AB9C-E74158989B0D}"
EndProject
Project("{FAE04EC0-301F-11D3-BF4B-00C04F79EFBC}") = "Tyuiu.KalimullinaAH.Sprint6.Task0.V3", "Tyuiu.KalimullinaAH.Sprint6.Task0.V3\Tyuiu.KalimullinaAH.Sprint6.Task0.V3.csproj", "{2C0E1D9E-0A9A-4EC6-A2AC-A9A16B7C94C4}"
EndProject
Project("{2150E333-8FDC-42A3-9474-1A3956D46DE8}") = "Task1", "Task1", "{D68546A7-DFEE-4DDC-86A0-4884CBC63E10}"
EndProject
Project("{FAE04EC0-301F-11D3-BF4B-00C04F79EFBC}") = "Tyuiu.KalimullinaAH.Sprint6.Task1.V19", "Tyuiu.KalimullinaAH.Sprint6.Task1.V19\Tyuiu.KalimullinaAH.Sprint6.Task1.V19.csproj", "{3665CA98-6225-4535-9D4C-3E423C7422C8}"
EndProject
Project("{FAE04EC0-301F-11D3-BF4B-00C04F79EFBC}") = "Tyuiu.KalimullinaAH.Sprint6.Task1.V19.Test", "Tyuiu.KalimullinaAH.Sprint6.Task1.V19.Test\Tyuiu.KalimullinaAH.Sprint6.Task1.V19.Test.csproj", "{6480CA2C-20A0-4953-976A-02967AB43A5C}"
EndProject
Project("{FAE04EC0-301F-11D3-BF4B-00C04F79EFBC}") = "Tyuiu.KalimullinaAH.Sprint6.Task1.V19.Lib", "Tyuiu.KalimullinaAH.Sprint6.Task1.V19.Lib\Tyuiu.KalimullinaAH.Sprint6.Task1.V19.Lib.csproj", "{C91DC8F2-D45C-4A96-A796-6CD971775075}"
EndProject
Project("{2150E333-8FDC-42A3-9474-1A3956D46DE8}") = "Task2", "Task2", "{6785C06E-13B2-44A0-B0C5-9D2DAFD8C664}"
EndProject
Project("{FAE04EC0-301F-11D3-BF4B-00C04F79EFBC}") = "Tyuiu.KalimullinaAH.Sprint6.Task2.V29", "Tyuiu.KalimullinaAH.Sprint6.Task2.V29\Tyuiu.KalimullinaAH.Sprint6.Task2.V29.csproj", "{525A9DD8-BA16-4068-A3AE-DB802EDD868D}"
EndProject
Project("{FAE04EC0-301F-11D3-BF4B-00C04F79EFBC}") = "Tyuiu.KalimullinaAH.Sprint6.Task2.V29.Lib", "Tyuiu.KalimullinaAH.Sprint6.Task2.V29.Lib\Tyuiu.KalimullinaAH.Sprint6.Task2.V29.Lib.csproj", "{8132F82D-FB21-4266-8477-EE19BCFECAFC}"
EndProject
Project("{FAE04EC0-301F-11D3-BF4B-00C04F79EFBC}") = "Tyuiu.KalimullinaAH.Sprint6.Task2.V29.Test", "Tyuiu.KalimullinaAH.Sprint6.Task2.V29.Test\Tyuiu.KalimullinaAH.Sprint6.Task2.V29.Test.csproj", "{9DAB9244-D4C7-4571-AF52-412624E53EC6}"
EndProject
Project("{2150E333-8FDC-42A3-9474-1A3956D46DE8}") = "Task3", "Task3", "{F6B9EACB-E868-4677-8012-5C2B45E60083}"
EndProject
Project("{FAE04EC0-301F-11D3-BF4B-00C04F79EFBC}") = "Tyuiu.KalimullinaAH.Sprint6.Task3.V16.Test", "Tyuiu.KalimullinaAH.Sprint6.Task3.V16.Test\Tyuiu.KalimullinaAH.Sprint6.Task3.V16.Test.csproj", "{A85A4AE8-5EF4-457B-A522-7D6204F1D422}"
EndProject
Project("{FAE04EC0-301F-11D3-BF4B-00C04F79EFBC}") = "Tyuiu.KalimullinaAH.Sprint6.Task3.V16", "Tyuiu.KalimullinaAH.Sprint6.Task3.V16\Tyuiu.KalimullinaAH.Sprint6.Task3.V16.csproj", "{5AD635BE-F91E-4F61-B70F-6C3EE13D5974}"
EndProject
Project("{FAE04EC0-301F-11D3-BF4B-00C04F79EFBC}") = "Tyuiu.KalimullinaAH.Sprint6.Task3.V16.Lib", "Tyuiu.KalimullinaAH.Sprint6.Task3.V16.Lib\Tyuiu.KalimullinaAH.Sprint6.Task3.V16.Lib.csproj", "{B0B945D5-C668-4758-B1BA-09E2CB458BE8}"
EndProject
Project("{FAE04EC0-301F-11D3-BF4B-00C04F79EFBC}") = "Tyuiu.KalimullinaAH.Sprint6.Task0.V3.Test", "Tyuiu.KalimullinaAH.Sprint6.Task0.V3.Test\Tyuiu.KalimullinaAH.Sprint6.Task0.V3.Test.csproj", "{12389797-7CAF-478E-8746-6F706DDE26A2}"
EndProject
Project("{2150E333-8FDC-42A3-9474-1A3956D46DE8}") = "Task4", "Task4", "{A7C653B8-C97A-42CD-B4F5-0EFC192B861F}"
EndProject
Project("{FAE04EC0-301F-11D3-BF4B-00C04F79EFBC}") = "Tyuiu.KalimullinaAH.Sprint6.Task4.V28.Test", "Tyuiu.KalimullinaAH.Sprint6.Task4.V28.Test\Tyuiu.KalimullinaAH.Sprint6.Task4.V28.Test.csproj", "{F578206B-BB37-4011-B189-966E2325FA9D}"
EndProject
Project("{FAE04EC0-301F-11D3-BF4B-00C04F79EFBC}") = "Tyuiu.KalimullinaAH.Sprint6.Task4.V28.Lib", "Tyuiu.KalimullinaAH.Sprint6.Task4.V28.Lib\Tyuiu.KalimullinaAH.Sprint6.Task4.V28.Lib.csproj", "{77703978-4D98-4B19-A625-30FF77D91897}"
EndProject
Project("{FAE04EC0-301F-11D3-BF4B-00C04F79EFBC}") = "Tyuiu.KalimullinaAH.Sprint6.Task4.V28", "Tyuiu.KalimullinaAH.Sprint6.Task4.V28\Tyuiu.KalimullinaAH.Sprint6.Task4.V28.csproj", "{8F8132E6-4E8D-453A-9EB0-E578ED2807F1}"
EndProject
Project("{2150E333-8FDC-42A3-9474-1A3956D46DE8}") = "Task5", "Task5", "{99A55FF1-B1DA-4145-A01D-6D7322035E31}"
EndProject
Project("{FAE04EC0-301F-11D3-BF4B-00C04F79EFBC}") = "Tyuiu.KalimullinaAH.Sprint6.Task5.V14", "Tyuiu.KalimullinaAH.Sprint6.Task5.V14\Tyuiu.KalimullinaAH.Sprint6.Task5.V14.csproj", "{3162068E-76E0-4E53-AACF-95CEF051E498}"
EndProject
Project("{FAE04EC0-301F-11D3-BF4B-00C04F79EFBC}") = "Tyuiu.KalimullinaAH.Sprint6.Task5.V14.Lib", "Tyuiu.KalimullinaAH.Sprint6.Task5.V14.Lib\Tyuiu.KalimullinaAH.Sprint6.Task5.V14.Lib.csproj", "{2A8D6301-63A6-4AEA-AF4E-8475F49C0290}"
EndProject
Project("{FAE04EC0-301F-11D3-BF4B-00C04F79EFBC}") = "Tyuiu.KalimullinaAH.Sprint6.Task5.V14.Test", "Tyuiu.KalimullinaAH.Sprint6.Task5.V14.Test\Tyuiu.KalimullinaAH.Sprint6.Task5.V14.Test.csproj", "{3A262A08-DDCC-4511-A7EE-A8D601D20B16}"
EndProject
Project("{2150E333-8FDC-42A3-9474-1A3956D46DE8}") = "Task6", "Task6", "{450B75F1-6515-404F-814B-2A113B2E028F}"
EndProject
Project("{FAE04EC0-301F-11D3-BF4B-00C04F79EFBC}") = "Tyuiu.KalimullinaAH.Sprint6.Task6.V24", "Tyuiu.KalimullinaAH.Sprint6.Task6.V24\Tyuiu.KalimullinaAH.Sprint6.Task6.V24.csproj", "{65A9BC28-1C0E-45BE-ADB2-C84C1DCF53FB}"
EndProject
Project("{FAE04EC0-301F-11D3-BF4B-00C04F79EFBC}") = "Tyuiu.KalimullinaAH.Sprint6.Task6.V24.Test", "Tyuiu.KalimullinaAH.Sprint6.Task6.V24.Test\Tyuiu.KalimullinaAH.Sprint6.Task6.V24.Test.csproj", "{99FE04D5-0472-466B-B6BA-BC358C9A632B}"
EndProject
Project("{FAE04EC0-301F-11D3-BF4B-00C04F79EFBC}") = "Tyuiu.KalimullinaAH.Sprint6.Task6.V24.Lib", "Tyuiu.KalimullinaAH.Sprint6.Task6.V24.Lib\Tyuiu.KalimullinaAH.Sprint6.Task6.V24.Lib.csproj", "{8F413FAA-92DF-48F9-BA79-AAC9A1543F65}"
EndProject
Global
	GlobalSection(SolutionConfigurationPlatforms) = preSolution
		Debug|Any CPU = Debug|Any CPU
		Release|Any CPU = Release|Any CPU
	EndGlobalSection
	GlobalSection(ProjectConfigurationPlatforms) = postSolution
		{214D37CD-A6C3-4D0B-AB9C-E74158989B0D}.Debug|Any CPU.ActiveCfg = Debug|Any CPU
		{214D37CD-A6C3-4D0B-AB9C-E74158989B0D}.Debug|Any CPU.Build.0 = Debug|Any CPU
		{214D37CD-A6C3-4D0B-AB9C-E74158989B0D}.Release|Any CPU.ActiveCfg = Release|Any CPU
		{214D37CD-A6C3-4D0B-AB9C-E74158989B0D}.Release|Any CPU.Build.0 = Release|Any CPU
		{2C0E1D9E-0A9A-4EC6-A2AC-A9A16B7C94C4}.Debug|Any CPU.ActiveCfg = Debug|Any CPU
		{2C0E1D9E-0A9A-4EC6-A2AC-A9A16B7C94C4}.Debug|Any CPU.Build.0 = Debug|Any CPU
		{2C0E1D9E-0A9A-4EC6-A2AC-A9A16B7C94C4}.Release|Any CPU.ActiveCfg = Release|Any CPU
		{2C0E1D9E-0A9A-4EC6-A2AC-A9A16B7C94C4}.Release|Any CPU.Build.0 = Release|Any CPU
		{3665CA98-6225-4535-9D4C-3E423C7422C8}.Debug|Any CPU.ActiveCfg = Debug|Any CPU
		{3665CA98-6225-4535-9D4C-3E423C7422C8}.Debug|Any CPU.Build.0 = Debug|Any CPU
		{3665CA98-6225-4535-9D4C-3E423C7422C8}.Release|Any CPU.ActiveCfg = Release|Any CPU
		{3665CA98-6225-4535-9D4C-3E423C7422C8}.Release|Any CPU.Build.0 = Release|Any CPU
		{6480CA2C-20A0-4953-976A-02967AB43A5C}.Debug|Any CPU.ActiveCfg = Debug|Any CPU
		{6480CA2C-20A0-4953-976A-02967AB43A5C}.Debug|Any CPU.Build.0 = Debug|Any CPU
		{6480CA2C-20A0-4953-976A-02967AB43A5C}.Release|Any CPU.ActiveCfg = Release|Any CPU
		{6480CA2C-20A0-4953-976A-02967AB43A5C}.Release|Any CPU.Build.0 = Release|Any CPU
		{C91DC8F2-D45C-4A96-A796-6CD971775075}.Debug|Any CPU.ActiveCfg = Debug|Any CPU
		{C91DC8F2-D45C-4A96-A796-6CD971775075}.Debug|Any CPU.Build.0 = Debug|Any CPU
		{C91DC8F2-D45C-4A96-A796-6CD971775075}.Release|Any CPU.ActiveCfg = Release|Any CPU
		{C91DC8F2-D45C-4A96-A796-6CD971775075}.Release|Any CPU.Build.0 = Release|Any CPU
		{525A9DD8-BA16-4068-A3AE-DB802EDD868D}.Debug|Any CPU.ActiveCfg = Debug|Any CPU
		{525A9DD8-BA16-4068-A3AE-DB802EDD868D}.Debug|Any CPU.Build.0 = Debug|Any CPU
		{525A9DD8-BA16-4068-A3AE-DB802EDD868D}.Release|Any CPU.ActiveCfg = Release|Any CPU
		{525A9DD8-BA16-4068-A3AE-DB802EDD868D}.Release|Any CPU.Build.0 = Release|Any CPU
		{8132F82D-FB21-4266-8477-EE19BCFECAFC}.Debug|Any CPU.ActiveCfg = Debug|Any CPU
		{8132F82D-FB21-4266-8477-EE19BCFECAFC}.Debug|Any CPU.Build.0 = Debug|Any CPU
		{8132F82D-FB21-4266-8477-EE19BCFECAFC}.Release|Any CPU.ActiveCfg = Release|Any CPU
		{8132F82D-FB21-4266-8477-EE19BCFECAFC}.Release|Any CPU.Build.0 = Release|Any CPU
		{9DAB9244-D4C7-4571-AF52-412624E53EC6}.Debug|Any CPU.ActiveCfg = Debug|Any CPU
		{9DAB9244-D4C7-4571-AF52-412624E53EC6}.Debug|Any CPU.Build.0 = Debug|Any CPU
		{9DAB9244-D4C7-4571-AF52-412624E53EC6}.Release|Any CPU.ActiveCfg = Release|Any CPU
		{9DAB9244-D4C7-4571-AF52-412624E53EC6}.Release|Any CPU.Build.0 = Release|Any CPU
		{A85A4AE8-5EF4-457B-A522-7D6204F1D422}.Debug|Any CPU.ActiveCfg = Debug|Any CPU
		{A85A4AE8-5EF4-457B-A522-7D6204F1D422}.Debug|Any CPU.Build.0 = Debug|Any CPU
		{A85A4AE8-5EF4-457B-A522-7D6204F1D422}.Release|Any CPU.ActiveCfg = Release|Any CPU
		{A85A4AE8-5EF4-457B-A522-7D6204F1D422}.Release|Any CPU.Build.0 = Release|Any CPU
		{5AD635BE-F91E-4F61-B70F-6C3EE13D5974}.Debug|Any CPU.ActiveCfg = Debug|Any CPU
		{5AD635BE-F91E-4F61-B70F-6C3EE13D5974}.Debug|Any CPU.Build.0 = Debug|Any CPU
		{5AD635BE-F91E-4F61-B70F-6C3EE13D5974}.Release|Any CPU.ActiveCfg = Release|Any CPU
		{5AD635BE-F91E-4F61-B70F-6C3EE13D5974}.Release|Any CPU.Build.0 = Release|Any CPU
		{B0B945D5-C668-4758-B1BA-09E2CB458BE8}.Debug|Any CPU.ActiveCfg = Debug|Any CPU
		{B0B945D5-C668-4758-B1BA-09E2CB458BE8}.Debug|Any CPU.Build.0 = Debug|Any CPU
		{B0B945D5-C668-4758-B1BA-09E2CB458BE8}.Release|Any CPU.ActiveCfg = Release|Any CPU
		{B0B945D5-C668-4758-B1BA-09E2CB458BE8}.Release|Any CPU.Build.0 = Release|Any CPU
		{12389797-7CAF-478E-8746-6F706DDE26A2}.Debug|Any CPU.ActiveCfg = Debug|Any CPU
		{12389797-7CAF-478E-8746-6F706DDE26A2}.Debug|Any CPU.Build.0 = Debug|Any CPU
		{12389797-7CAF-478E-8746-6F706DDE26A2}.Release|Any CPU.ActiveCfg = Release|Any CPU
		{12389797-7CAF-478E-8746-6F706DDE26A2}.Release|Any CPU.Build.0 = Release|Any CPU
		{F578206B-BB37-4011-B189-966E2325FA9D}.Debug|Any CPU.ActiveCfg = Debug|Any CPU
		{F578206B-BB37-4011-B189-966E2325FA9D}.Debug|Any CPU.Build.0 = Debug|Any CPU
		{F578206B-BB37-4011-B189-966E2325FA9D}.Release|Any CPU.ActiveCfg = Release|Any CPU
		{F578206B-BB37-4011-B189-966E2325FA9D}.Release|Any CPU.Build.0 = Release|Any CPU
		{77703978-4D98-4B19-A625-30FF77D91897}.Debug|Any CPU.ActiveCfg = Debug|Any CPU
		{77703978-4D98-4B19-A625-30FF77D91897}.Debug|Any CPU.Build.0 = Debug|Any CPU
		{77703978-4D98-4B19-A625-30FF77D91897}.Release|Any CPU.ActiveCfg = Release|Any CPU
		{77703978-4D98-4B19-A625-30FF77D91897}.Release|Any CPU.Build.0 = Release|Any CPU
		{8F8132E6-4E8D-453A-9EB0-E578ED2807F1}.Debug|Any CPU.ActiveCfg = Debug|Any CPU
		{8F8132E6-4E8D-453A-9EB0-E578ED2807F1}.Debug|Any CPU.Build.0 = Debug|Any CPU
		{8F8132E6-4E8D-453A-9EB0-E578ED2807F1}.Release|Any CPU.ActiveCfg = Release|Any CPU
		{8F8132E6-4E8D-453A-9EB0-E578ED2807F1}.Release|Any CPU.Build.0 = Release|Any CPU
		{3162068E-76E0-4E53-AACF-95CEF051E498}.Debug|Any CPU.ActiveCfg = Debug|Any CPU
		{3162068E-76E0-4E53-AACF-95CEF051E498}.Debug|Any CPU.Build.0 = Debug|Any CPU
		{3162068E-76E0-4E53-AACF-95CEF051E498}.Release|Any CPU.ActiveCfg = Release|Any CPU
		{3162068E-76E0-4E53-AACF-95CEF051E498}.Release|Any CPU.Build.0 = Release|Any CPU
		{2A8D6301-63A6-4AEA-AF4E-8475F49C0290}.Debug|Any CPU.ActiveCfg = Debug|Any CPU
		{2A8D6301-63A6-4AEA-AF4E-8475F49C0290}.Debug|Any CPU.Build.0 = Debug|Any CPU
		{2A8D6301-63A6-4AEA-AF4E-8475F49C0290}.Release|Any CPU.ActiveCfg = Release|Any CPU
		{2A8D6301-63A6-4AEA-AF4E-8475F49C0290}.Release|Any CPU.Build.0 = Release|Any CPU
		{3A262A08-DDCC-4511-A7EE-A8D601D20B16}.Debug|Any CPU.ActiveCfg = Debug|Any CPU
		{3A262A08-DDCC-4511-A7EE-A8D601D20B16}.Debug|Any CPU.Build.0 = Debug|Any CPU
		{3A262A08-DDCC-4511-A7EE-A8D601D20B16}.Release|Any CPU.ActiveCfg = Release|Any CPU
		{3A262A08-DDCC-4511-A7EE-A8D601D20B16}.Release|Any CPU.Build.0 = Release|Any CPU
		{65A9BC28-1C0E-45BE-ADB2-C84C1DCF53FB}.Debug|Any CPU.ActiveCfg = Debug|Any CPU
		{65A9BC28-1C0E-45BE-ADB2-C84C1DCF53FB}.Debug|Any CPU.Build.0 = Debug|Any CPU
		{65A9BC28-1C0E-45BE-ADB2-C84C1DCF53FB}.Release|Any CPU.ActiveCfg = Release|Any CPU
		{65A9BC28-1C0E-45BE-ADB2-C84C1DCF53FB}.Release|Any CPU.Build.0 = Release|Any CPU
		{99FE04D5-0472-466B-B6BA-BC358C9A632B}.Debug|Any CPU.ActiveCfg = Debug|Any CPU
		{99FE04D5-0472-466B-B6BA-BC358C9A632B}.Debug|Any CPU.Build.0 = Debug|Any CPU
		{99FE04D5-0472-466B-B6BA-BC358C9A632B}.Release|Any CPU.ActiveCfg = Release|Any CPU
		{99FE04D5-0472-466B-B6BA-BC358C9A632B}.Release|Any CPU.Build.0 = Release|Any CPU
		{8F413FAA-92DF-48F9-BA79-AAC9A1543F65}.Debug|Any CPU.ActiveCfg = Debug|Any CPU
		{8F413FAA-92DF-48F9-BA79-AAC9A1543F65}.Debug|Any CPU.Build.0 = Debug|Any CPU
		{8F413FAA-92DF-48F9-BA79-AAC9A1543F65}.Release|Any CPU.ActiveCfg = Release|Any CPU
		{8F413FAA-92DF-48F9-BA79-AAC9A1543F65}.Release|Any CPU.Build.0 = Release|Any CPU
	EndGlobalSection
	GlobalSection(SolutionProperties) = preSolution
		HideSolutionNode = FALSE
	EndGlobalSection
	GlobalSection(NestedProjects) = preSolution
		{214D37CD-A6C3-4D0B-AB9C-E74158989B0D} = {FEC19C42-9CFE-4BB0-BAAA-6E7F5F6B1B12}
		{2C0E1D9E-0A9A-4EC6-A2AC-A9A16B7C94C4} = {FEC19C42-9CFE-4BB0-BAAA-6E7F5F6B1B12}
		{3665CA98-6225-4535-9D4C-3E423C7422C8} = {D68546A7-DFEE-4DDC-86A0-4884CBC63E10}
		{6480CA2C-20A0-4953-976A-02967AB43A5C} = {D68546A7-DFEE-4DDC-86A0-4884CBC63E10}
		{C91DC8F2-D45C-4A96-A796-6CD971775075} = {D68546A7-DFEE-4DDC-86A0-4884CBC63E10}
		{525A9DD8-BA16-4068-A3AE-DB802EDD868D} = {6785C06E-13B2-44A0-B0C5-9D2DAFD8C664}
		{8132F82D-FB21-4266-8477-EE19BCFECAFC} = {6785C06E-13B2-44A0-B0C5-9D2DAFD8C664}
		{9DAB9244-D4C7-4571-AF52-412624E53EC6} = {6785C06E-13B2-44A0-B0C5-9D2DAFD8C664}
		{A85A4AE8-5EF4-457B-A522-7D6204F1D422} = {F6B9EACB-E868-4677-8012-5C2B45E60083}
		{5AD635BE-F91E-4F61-B70F-6C3EE13D5974} = {F6B9EACB-E868-4677-8012-5C2B45E60083}
		{B0B945D5-C668-4758-B1BA-09E2CB458BE8} = {F6B9EACB-E868-4677-8012-5C2B45E60083}
		{12389797-7CAF-478E-8746-6F706DDE26A2} = {FEC19C42-9CFE-4BB0-BAAA-6E7F5F6B1B12}
		{F578206B-BB37-4011-B189-966E2325FA9D} = {A7C653B8-C97A-42CD-B4F5-0EFC192B861F}
		{77703978-4D98-4B19-A625-30FF77D91897} = {A7C653B8-C97A-42CD-B4F5-0EFC192B861F}
		{8F8132E6-4E8D-453A-9EB0-E578ED2807F1} = {A7C653B8-C97A-42CD-B4F5-0EFC192B861F}
		{3162068E-76E0-4E53-AACF-95CEF051E498} = {99A55FF1-B1DA-4145-A01D-6D7322035E31}
		{2A8D6301-63A6-4AEA-AF4E-8475F49C0290} = {99A55FF1-B1DA-4145-A01D-6D7322035E31}
		{3A262A08-DDCC-4511-A7EE-A8D601D20B16} = {99A55FF1-B1DA-4145-A01D-6D7322035E31}
		{65A9BC28-1C0E-45BE-ADB2-C84C1DCF53FB} = {450B75F1-6515-404F-814B-2A113B2E028F}
		{99FE04D5-0472-466B-B6BA-BC358C9A632B} = {450B75F1-6515-404F-814B-2A113B2E028F}
		{8F413FAA-92DF-48F9-BA79-AAC9A1543F65} = {450B75F1-6515-404F-814B-2A113B2E028F}
	EndGlobalSection
	GlobalSection(ExtensibilityGlobals) = postSolution
		SolutionGuid = {B28118B4-54C0-4A21-A3B1-4645247761B4}
	EndGlobalSection
EndGlobal
